
Microsoft Visual Studio Solution File, Format Version 12.00
Project("{FAE04EC0-301F-11D3-BF4B-00C04F79EFBC}") = "Superclasses", "Superclasses\Superclasses.csproj", "{4C8AB960-3D01-49AE-A909-4F937AD998E6}"
EndProject
Project("{FAE04EC0-301F-11D3-BF4B-00C04F79EFBC}") = "Extrauppgift Arrayer", "Extrauppgift Arrayer\Extrauppgift Arrayer.csproj", "{0247C0C7-9352-4E82-9BB9-D3C9DA50C790}"
EndProject
Project("{FAE04EC0-301F-11D3-BF4B-00C04F79EFBC}") = "Uppgift 14", "Uppgift 14\Uppgift 14.csproj", "{30E20E00-1EC0-4150-B83A-62E1E724344F}"
EndProject
Global
	GlobalSection(SolutionConfigurationPlatforms) = preSolution
		Debug|Any CPU = Debug|Any CPU
		Release|Any CPU = Release|Any CPU
	EndGlobalSection
	GlobalSection(ProjectConfigurationPlatforms) = postSolution
		{0247C0C7-9352-4E82-9BB9-D3C9DA50C790}.Debug|Any CPU.ActiveCfg = Debug|Any CPU
		{0247C0C7-9352-4E82-9BB9-D3C9DA50C790}.Debug|Any CPU.Build.0 = Debug|Any CPU
		{0247C0C7-9352-4E82-9BB9-D3C9DA50C790}.Release|Any CPU.ActiveCfg = Release|Any CPU
		{0247C0C7-9352-4E82-9BB9-D3C9DA50C790}.Release|Any CPU.Build.0 = Release|Any CPU
		{30E20E00-1EC0-4150-B83A-62E1E724344F}.Debug|Any CPU.ActiveCfg = Debug|Any CPU
		{30E20E00-1EC0-4150-B83A-62E1E724344F}.Debug|Any CPU.Build.0 = Debug|Any CPU
		{30E20E00-1EC0-4150-B83A-62E1E724344F}.Release|Any CPU.ActiveCfg = Release|Any CPU
		{30E20E00-1EC0-4150-B83A-62E1E724344F}.Release|Any CPU.Build.0 = Release|Any CPU
	EndGlobalSection
EndGlobal
