
Microsoft Visual Studio Solution File, Format Version 12.00
Project("{FAE04EC0-301F-11D3-BF4B-00C04F79EFBC}") = "Övning 06", "Övning 06\Övning 06.csproj", "{99B5846F-14B6-4150-940E-29B43A78EAE5}"
EndProject
Project("{FAE04EC0-301F-11D3-BF4B-00C04F79EFBC}") = "Övning 01", "Övning 01\Övning 01.csproj", "{4854E248-53A2-4A64-87F8-CBA0B61D8B84}"
EndProject
Project("{FAE04EC0-301F-11D3-BF4B-00C04F79EFBC}") = "Övning 02", "Övning 02\Övning 02.csproj", "{F2328F14-E172-499B-8022-C12C4025831A}"
EndProject
Project("{FAE04EC0-301F-11D3-BF4B-00C04F79EFBC}") = "Övning 03", "Övning 03\Övning 03.csproj", "{265F2679-4441-4B7E-8C1A-0B1F59EFA64E}"
EndProject
Project("{FAE04EC0-301F-11D3-BF4B-00C04F79EFBC}") = "Övning 04", "Övning 04\Övning 04.csproj", "{01C395A5-1257-4B6C-BC83-C49D0D9B6D30}"
EndProject
Project("{FAE04EC0-301F-11D3-BF4B-00C04F79EFBC}") = "Övning 05", "Övning 05\Övning 05.csproj", "{1340BAA6-9D27-47BD-9F79-9132DEBA4A18}"
EndProject
Project("{FAE04EC0-301F-11D3-BF4B-00C04F79EFBC}") = "Övning 07", "Övning 07\Övning 07.csproj", "{F5F31972-8004-4522-813F-17DD240EC8E0}"
EndProject
Project("{FAE04EC0-301F-11D3-BF4B-00C04F79EFBC}") = "Övning 08", "Övning 08\Övning 08.csproj", "{F4B2F6B3-C4E5-4768-91EE-35D2657BD23C}"
EndProject
Project("{FAE04EC0-301F-11D3-BF4B-00C04F79EFBC}") = "Övning 09", "Övning 09\Övning 09.csproj", "{329125DB-DBFA-45CE-B81E-0E200BD6D2A1}"
EndProject
Project("{FAE04EC0-301F-11D3-BF4B-00C04F79EFBC}") = "Övning 10", "Övning 10\Övning 10.csproj", "{2B4CFD22-A454-42BE-B09B-1608FBCD5C03}"
EndProject
Project("{FAE04EC0-301F-11D3-BF4B-00C04F79EFBC}") = "Övning 11", "Övning 11\Övning 11.csproj", "{EFDB1AC7-DFDB-4255-AC3A-4EFE7EDE08B2}"
EndProject
Project("{FAE04EC0-301F-11D3-BF4B-00C04F79EFBC}") = "Övning 12", "Övning 12\Övning 12.csproj", "{0CBBBB78-E3FE-49A8-90B7-82F3FD15D3A3}"
EndProject
Project("{FAE04EC0-301F-11D3-BF4B-00C04F79EFBC}") = "Övning 13", "Övning 13\Övning 13.csproj", "{13C0A9F3-8A76-4962-BD90-838025EC44FC}"
EndProject
Project("{FAE04EC0-301F-11D3-BF4B-00C04F79EFBC}") = "Övning 14", "Övning 14\Övning 14.csproj", "{963B5AF4-088C-4D46-B782-77711D3FD8F2}"
EndProject
Project("{FAE04EC0-301F-11D3-BF4B-00C04F79EFBC}") = "Övning 15", "Övning 15\Övning 15.csproj", "{E769B40F-6A10-4056-AB5F-8D68F1060D5E}"
EndProject
Project("{FAE04EC0-301F-11D3-BF4B-00C04F79EFBC}") = "Övning 16", "Övning 16\Övning 16.csproj", "{1A4190C8-948B-4B59-AA2D-9BEC97AE585C}"
EndProject
Project("{FAE04EC0-301F-11D3-BF4B-00C04F79EFBC}") = "Övning 17", "Övning 17\Övning 17.csproj", "{ECF0ADC9-3F6F-4764-94B9-C87339272222}"
EndProject
Project("{FAE04EC0-301F-11D3-BF4B-00C04F79EFBC}") = "Övning 18", "Övning 18\Övning 18.csproj", "{F3BEE89E-B26A-4DC3-8926-F010D9D01779}"
EndProject
Project("{FAE04EC0-301F-11D3-BF4B-00C04F79EFBC}") = "Övning 19", "Övning 19\Övning 19.csproj", "{FDD6E464-5443-4CD7-AEBA-C7DD4034C6BF}"
EndProject
Project("{FAE04EC0-301F-11D3-BF4B-00C04F79EFBC}") = "Övning 20", "Övning 20\Övning 20.csproj", "{694E4DEB-1B8A-4DFA-89A2-7C567F64953B}"
EndProject
Project("{FAE04EC0-301F-11D3-BF4B-00C04F79EFBC}") = "Övning 21", "Övning 21\Övning 21.csproj", "{7EA483AB-1E82-4F71-9C02-D6702B9FEC25}"
EndProject
Global
	GlobalSection(SolutionConfigurationPlatforms) = preSolution
		Debug|Any CPU = Debug|Any CPU
		Release|Any CPU = Release|Any CPU
	EndGlobalSection
	GlobalSection(ProjectConfigurationPlatforms) = postSolution
		{99B5846F-14B6-4150-940E-29B43A78EAE5}.Debug|Any CPU.ActiveCfg = Debug|Any CPU
		{99B5846F-14B6-4150-940E-29B43A78EAE5}.Debug|Any CPU.Build.0 = Debug|Any CPU
		{99B5846F-14B6-4150-940E-29B43A78EAE5}.Release|Any CPU.ActiveCfg = Release|Any CPU
		{99B5846F-14B6-4150-940E-29B43A78EAE5}.Release|Any CPU.Build.0 = Release|Any CPU
		{4854E248-53A2-4A64-87F8-CBA0B61D8B84}.Debug|Any CPU.ActiveCfg = Debug|Any CPU
		{4854E248-53A2-4A64-87F8-CBA0B61D8B84}.Debug|Any CPU.Build.0 = Debug|Any CPU
		{4854E248-53A2-4A64-87F8-CBA0B61D8B84}.Release|Any CPU.ActiveCfg = Release|Any CPU
		{4854E248-53A2-4A64-87F8-CBA0B61D8B84}.Release|Any CPU.Build.0 = Release|Any CPU
		{F2328F14-E172-499B-8022-C12C4025831A}.Debug|Any CPU.ActiveCfg = Debug|Any CPU
		{F2328F14-E172-499B-8022-C12C4025831A}.Debug|Any CPU.Build.0 = Debug|Any CPU
		{F2328F14-E172-499B-8022-C12C4025831A}.Release|Any CPU.ActiveCfg = Release|Any CPU
		{F2328F14-E172-499B-8022-C12C4025831A}.Release|Any CPU.Build.0 = Release|Any CPU
		{265F2679-4441-4B7E-8C1A-0B1F59EFA64E}.Debug|Any CPU.ActiveCfg = Debug|Any CPU
		{265F2679-4441-4B7E-8C1A-0B1F59EFA64E}.Debug|Any CPU.Build.0 = Debug|Any CPU
		{265F2679-4441-4B7E-8C1A-0B1F59EFA64E}.Release|Any CPU.ActiveCfg = Release|Any CPU
		{265F2679-4441-4B7E-8C1A-0B1F59EFA64E}.Release|Any CPU.Build.0 = Release|Any CPU
		{01C395A5-1257-4B6C-BC83-C49D0D9B6D30}.Debug|Any CPU.ActiveCfg = Debug|Any CPU
		{01C395A5-1257-4B6C-BC83-C49D0D9B6D30}.Debug|Any CPU.Build.0 = Debug|Any CPU
		{01C395A5-1257-4B6C-BC83-C49D0D9B6D30}.Release|Any CPU.ActiveCfg = Release|Any CPU
		{01C395A5-1257-4B6C-BC83-C49D0D9B6D30}.Release|Any CPU.Build.0 = Release|Any CPU
		{1340BAA6-9D27-47BD-9F79-9132DEBA4A18}.Debug|Any CPU.ActiveCfg = Debug|Any CPU
		{1340BAA6-9D27-47BD-9F79-9132DEBA4A18}.Debug|Any CPU.Build.0 = Debug|Any CPU
		{1340BAA6-9D27-47BD-9F79-9132DEBA4A18}.Release|Any CPU.ActiveCfg = Release|Any CPU
		{1340BAA6-9D27-47BD-9F79-9132DEBA4A18}.Release|Any CPU.Build.0 = Release|Any CPU
		{F5F31972-8004-4522-813F-17DD240EC8E0}.Debug|Any CPU.ActiveCfg = Debug|Any CPU
		{F5F31972-8004-4522-813F-17DD240EC8E0}.Debug|Any CPU.Build.0 = Debug|Any CPU
		{F5F31972-8004-4522-813F-17DD240EC8E0}.Release|Any CPU.ActiveCfg = Release|Any CPU
		{F5F31972-8004-4522-813F-17DD240EC8E0}.Release|Any CPU.Build.0 = Release|Any CPU
		{F4B2F6B3-C4E5-4768-91EE-35D2657BD23C}.Debug|Any CPU.ActiveCfg = Debug|Any CPU
		{F4B2F6B3-C4E5-4768-91EE-35D2657BD23C}.Debug|Any CPU.Build.0 = Debug|Any CPU
		{F4B2F6B3-C4E5-4768-91EE-35D2657BD23C}.Release|Any CPU.ActiveCfg = Release|Any CPU
		{F4B2F6B3-C4E5-4768-91EE-35D2657BD23C}.Release|Any CPU.Build.0 = Release|Any CPU
		{329125DB-DBFA-45CE-B81E-0E200BD6D2A1}.Debug|Any CPU.ActiveCfg = Debug|Any CPU
		{329125DB-DBFA-45CE-B81E-0E200BD6D2A1}.Debug|Any CPU.Build.0 = Debug|Any CPU
		{329125DB-DBFA-45CE-B81E-0E200BD6D2A1}.Release|Any CPU.ActiveCfg = Release|Any CPU
		{329125DB-DBFA-45CE-B81E-0E200BD6D2A1}.Release|Any CPU.Build.0 = Release|Any CPU
		{2B4CFD22-A454-42BE-B09B-1608FBCD5C03}.Debug|Any CPU.ActiveCfg = Debug|Any CPU
		{2B4CFD22-A454-42BE-B09B-1608FBCD5C03}.Debug|Any CPU.Build.0 = Debug|Any CPU
		{2B4CFD22-A454-42BE-B09B-1608FBCD5C03}.Release|Any CPU.ActiveCfg = Release|Any CPU
		{2B4CFD22-A454-42BE-B09B-1608FBCD5C03}.Release|Any CPU.Build.0 = Release|Any CPU
		{EFDB1AC7-DFDB-4255-AC3A-4EFE7EDE08B2}.Debug|Any CPU.ActiveCfg = Debug|Any CPU
		{EFDB1AC7-DFDB-4255-AC3A-4EFE7EDE08B2}.Debug|Any CPU.Build.0 = Debug|Any CPU
		{EFDB1AC7-DFDB-4255-AC3A-4EFE7EDE08B2}.Release|Any CPU.ActiveCfg = Release|Any CPU
		{EFDB1AC7-DFDB-4255-AC3A-4EFE7EDE08B2}.Release|Any CPU.Build.0 = Release|Any CPU
		{0CBBBB78-E3FE-49A8-90B7-82F3FD15D3A3}.Debug|Any CPU.ActiveCfg = Debug|Any CPU
		{0CBBBB78-E3FE-49A8-90B7-82F3FD15D3A3}.Debug|Any CPU.Build.0 = Debug|Any CPU
		{0CBBBB78-E3FE-49A8-90B7-82F3FD15D3A3}.Release|Any CPU.ActiveCfg = Release|Any CPU
		{0CBBBB78-E3FE-49A8-90B7-82F3FD15D3A3}.Release|Any CPU.Build.0 = Release|Any CPU
		{13C0A9F3-8A76-4962-BD90-838025EC44FC}.Debug|Any CPU.ActiveCfg = Debug|Any CPU
		{13C0A9F3-8A76-4962-BD90-838025EC44FC}.Debug|Any CPU.Build.0 = Debug|Any CPU
		{13C0A9F3-8A76-4962-BD90-838025EC44FC}.Release|Any CPU.ActiveCfg = Release|Any CPU
		{13C0A9F3-8A76-4962-BD90-838025EC44FC}.Release|Any CPU.Build.0 = Release|Any CPU
		{963B5AF4-088C-4D46-B782-77711D3FD8F2}.Debug|Any CPU.ActiveCfg = Debug|Any CPU
		{963B5AF4-088C-4D46-B782-77711D3FD8F2}.Debug|Any CPU.Build.0 = Debug|Any CPU
		{963B5AF4-088C-4D46-B782-77711D3FD8F2}.Release|Any CPU.ActiveCfg = Release|Any CPU
		{963B5AF4-088C-4D46-B782-77711D3FD8F2}.Release|Any CPU.Build.0 = Release|Any CPU
		{E769B40F-6A10-4056-AB5F-8D68F1060D5E}.Debug|Any CPU.ActiveCfg = Debug|Any CPU
		{E769B40F-6A10-4056-AB5F-8D68F1060D5E}.Debug|Any CPU.Build.0 = Debug|Any CPU
		{E769B40F-6A10-4056-AB5F-8D68F1060D5E}.Release|Any CPU.ActiveCfg = Release|Any CPU
		{E769B40F-6A10-4056-AB5F-8D68F1060D5E}.Release|Any CPU.Build.0 = Release|Any CPU
		{1A4190C8-948B-4B59-AA2D-9BEC97AE585C}.Debug|Any CPU.ActiveCfg = Debug|Any CPU
		{1A4190C8-948B-4B59-AA2D-9BEC97AE585C}.Debug|Any CPU.Build.0 = Debug|Any CPU
		{1A4190C8-948B-4B59-AA2D-9BEC97AE585C}.Release|Any CPU.ActiveCfg = Release|Any CPU
		{1A4190C8-948B-4B59-AA2D-9BEC97AE585C}.Release|Any CPU.Build.0 = Release|Any CPU
		{ECF0ADC9-3F6F-4764-94B9-C87339272222}.Debug|Any CPU.ActiveCfg = Debug|Any CPU
		{ECF0ADC9-3F6F-4764-94B9-C87339272222}.Debug|Any CPU.Build.0 = Debug|Any CPU
		{ECF0ADC9-3F6F-4764-94B9-C87339272222}.Release|Any CPU.ActiveCfg = Release|Any CPU
		{ECF0ADC9-3F6F-4764-94B9-C87339272222}.Release|Any CPU.Build.0 = Release|Any CPU
		{F3BEE89E-B26A-4DC3-8926-F010D9D01779}.Debug|Any CPU.ActiveCfg = Debug|Any CPU
		{F3BEE89E-B26A-4DC3-8926-F010D9D01779}.Debug|Any CPU.Build.0 = Debug|Any CPU
		{F3BEE89E-B26A-4DC3-8926-F010D9D01779}.Release|Any CPU.ActiveCfg = Release|Any CPU
		{F3BEE89E-B26A-4DC3-8926-F010D9D01779}.Release|Any CPU.Build.0 = Release|Any CPU
		{FDD6E464-5443-4CD7-AEBA-C7DD4034C6BF}.Debug|Any CPU.ActiveCfg = Debug|Any CPU
		{FDD6E464-5443-4CD7-AEBA-C7DD4034C6BF}.Debug|Any CPU.Build.0 = Debug|Any CPU
		{FDD6E464-5443-4CD7-AEBA-C7DD4034C6BF}.Release|Any CPU.ActiveCfg = Release|Any CPU
		{FDD6E464-5443-4CD7-AEBA-C7DD4034C6BF}.Release|Any CPU.Build.0 = Release|Any CPU
		{694E4DEB-1B8A-4DFA-89A2-7C567F64953B}.Debug|Any CPU.ActiveCfg = Debug|Any CPU
		{694E4DEB-1B8A-4DFA-89A2-7C567F64953B}.Debug|Any CPU.Build.0 = Debug|Any CPU
		{694E4DEB-1B8A-4DFA-89A2-7C567F64953B}.Release|Any CPU.ActiveCfg = Release|Any CPU
		{694E4DEB-1B8A-4DFA-89A2-7C567F64953B}.Release|Any CPU.Build.0 = Release|Any CPU
		{7EA483AB-1E82-4F71-9C02-D6702B9FEC25}.Debug|Any CPU.ActiveCfg = Debug|Any CPU
		{7EA483AB-1E82-4F71-9C02-D6702B9FEC25}.Debug|Any CPU.Build.0 = Debug|Any CPU
		{7EA483AB-1E82-4F71-9C02-D6702B9FEC25}.Release|Any CPU.ActiveCfg = Release|Any CPU
		{7EA483AB-1E82-4F71-9C02-D6702B9FEC25}.Release|Any CPU.Build.0 = Release|Any CPU
	EndGlobalSection
EndGlobal
